{
  "requires": true,
  "lockfileVersion": 1,
  "dependencies": {
    "@fortawesome/fontawesome-free": {
      "version": "5.7.2",
      "resolved": "http://registry.npm.taobao.org/@fortawesome/fontawesome-free/download/@fortawesome/fontawesome-free-5.7.2.tgz",
      "integrity": "sha1-FJjD63jufHjFSIQYcH3pCq9Y1dc="
    },
    "backbone": {
      "version": "1.4.0",
      "resolved": "http://registry.npm.taobao.org/backbone/download/backbone-1.4.0.tgz",
      "integrity": "sha1-VNtN6d98OBHD8DLzR0mkzSfzvRI=",
      "requires": {
        "underscore": "1.9.1"
      }
    },
    "bootstrap": {
      "version": "4.2.1",
      "resolved": "http://registry.npm.taobao.org/bootstrap/download/bootstrap-4.2.1.tgz",
      "integrity": "sha1-j4vcoCTb8OhkTaMukYyKA6kKV1c="
    },
    "jquery": {
      "version": "3.3.1",
      "resolved": "http://registry.npm.taobao.org/jquery/download/jquery-3.3.1.tgz",
      "integrity": "sha1-lYzinoHJeQ8xvneS311NlfxX+8o="
    },
    "popper.js": {
      "version": "1.14.6",
      "resolved": "http://registry.npm.taobao.org/popper.js/download/popper.js-1.14.6.tgz",
      "integrity": "sha1-qyDdTt+SiLiztlMcR8NhEHtgtLA="
    },
    "tether": {
      "version": "1.4.5",
      "resolved": "http://registry.npm.taobao.org/tether/download/tether-1.4.5.tgz",
      "integrity": "sha1-jv17NVcnZ7pQIlm6mxzBZ/z28sE="
    },
    "underscore": {
      "version": "1.9.1",
      "resolved": "http://registry.npm.taobao.org/underscore/download/underscore-1.9.1.tgz",
      "integrity": "sha1-BtzjSg5op7q8KbNluOdLiSUgOWE="
    }
  }
}
